{
    "_readme": [
        "This file locks the dependencies of your project to a known state",
        "Read more about it at https://getcomposer.org/doc/01-basic-usage.md#installing-dependencies",
        "This file is @generated automatically"
    ],
    "content-hash": "8d81bbecaba2effb69ca94b81bd90187",
    "packages": [
        {
            "name": "bower-asset/ion.rangeslider",
            "version": "2.2.0",
            "source": {
                "type": "git",
                "url": "https://github.com/IonDen/ion.rangeSlider.git",
                "reference": "4bb522d3d28aedaaf035e3daa0f2f46850b2242c"
            },
            "dist": {
                "type": "zip",
                "url": "https://api.github.com/repos/IonDen/ion.rangeSlider/zipball/4bb522d3d28aedaaf035e3daa0f2f46850b2242c",
                "reference": "4bb522d3d28aedaaf035e3daa0f2f46850b2242c"
            },
            "require": {
                "bower-asset/jquery": ">=1.8"
            },
            "type": "bower-asset",
            "license": [
                "MIT"
            ]
        },
        {
            "name": "bower-asset/jquery",
            "version": "3.3.1",
            "source": {
                "type": "git",
                "url": "git@github.com:jquery/jquery-dist.git",
                "reference": "9e8ec3d10fad04748176144f108d7355662ae75e"
            },
            "dist": {
                "type": "zip",
                "url": "https://api.github.com/repos/jquery/jquery-dist/zipball/9e8ec3d10fad04748176144f108d7355662ae75e",
                "reference": "9e8ec3d10fad04748176144f108d7355662ae75e"
            },
            "type": "bower-asset",
            "license": [
                "MIT"
            ]
        },
        {
            "name": "bower-asset/jquery-menu-aim",
            "version": "dev-master",
            "source": {
                "type": "git",
                "url": "git@github.com:kamens/jQuery-menu-aim.git",
                "reference": "da3cb657f36a1876d6a34514ad1fb81f1dd2433c"
            },
            "dist": {
                "type": "zip",
                "url": "https://api.github.com/repos/kamens/jQuery-menu-aim/zipball/da3cb657f36a1876d6a34514ad1fb81f1dd2433c",
                "reference": "da3cb657f36a1876d6a34514ad1fb81f1dd2433c"
            },
            "type": "bower-asset"
        },
        {
            "name": "bower-asset/magnific-popup",
            "version": "1.1.0",
            "source": {
                "type": "git",
                "url": "git@github.com:dimsemenov/Magnific-Popup.git",
                "reference": "6b7a8088783cbce01034414c1fd2d8e1889093ae"
            },
            "dist": {
                "type": "zip",
                "url": "https://api.github.com/repos/dimsemenov/Magnific-Popup/zipball/6b7a8088783cbce01034414c1fd2d8e1889093ae",
                "reference": "6b7a8088783cbce01034414c1fd2d8e1889093ae"
            },
            "require": {
                "bower-asset/jquery": ">=1.8.0"
            },
            "type": "bower-asset"
        },
        {
            "name": "bower-asset/select2",
            "version": "4.0.5",
            "source": {
                "type": "git",
                "url": "git@github.com:ivaynberg/select2.git",
                "reference": "ebf10c93db7d6d7a0d1330119d4c6f32cbd231d7"
            },
            "dist": {
                "type": "zip",
                "url": "https://api.github.com/repos/ivaynberg/select2/zipball/ebf10c93db7d6d7a0d1330119d4c6f32cbd231d7",
                "reference": "ebf10c93db7d6d7a0d1330119d4c6f32cbd231d7"
            },
            "type": "bower-asset",
            "license": [
                "MIT"
            ]
        },
        {
            "name": "bower-asset/slick-carousel",
            "version": "v1.8.1",
            "source": {
                "type": "git",
                "url": "https://github.com/kenwheeler/slick.git",
                "reference": "0f40c9d6a02a5c08b5f4dd80fdada3a854a59bee"
            },
            "dist": {
                "type": "zip",
                "url": "https://api.github.com/repos/kenwheeler/slick/zipball/0f40c9d6a02a5c08b5f4dd80fdada3a854a59bee",
                "reference": "0f40c9d6a02a5c08b5f4dd80fdada3a854a59bee"
            },
            "require": {
                "bower-asset/jquery": ">=1.7"
            },
            "type": "bower-asset",
            "license": [
                "MIT"
            ]
        },
        {
            "name": "bower-asset/stacktable",
            "version": "1.0.3",
            "source": {
                "type": "git",
                "url": "git@github.com:johnpolacek/stacktable.js.git",
                "reference": "4c7d8b735b0b00183850def1837ce6e625a54e2b"
            },
            "dist": {
                "type": "zip",
                "url": "https://api.github.com/repos/johnpolacek/stacktable.js/zipball/4c7d8b735b0b00183850def1837ce6e625a54e2b",
                "reference": "4c7d8b735b0b00183850def1837ce6e625a54e2b"
            },
            "type": "bower-asset",
            "license": [
                "MIT"
            ]
        },
        {
            "name": "bower-asset/swiper",
            "version": "v4.5.0",
            "source": {
                "type": "git",
                "url": "https://github.com/nolimits4web/swiper.git",
                "reference": "1c4dfa3b08727f7febd9238980d8249d89202702"
            },
            "dist": {
                "type": "zip",
                "url": "https://api.github.com/repos/nolimits4web/swiper/zipball/1c4dfa3b08727f7febd9238980d8249d89202702",
                "reference": "1c4dfa3b08727f7febd9238980d8249d89202702"
            },
            "type": "bower-asset",
            "license": [
                "MIT"
            ]
        },
        {
            "name": "composer/installers",
            "version": "dev-main",
            "source": {
                "type": "git",
                "url": "https://github.com/composer/installers.git",
                "reference": "7f3c618fcbfc787cca2bb7a127e7eb3a146c7046"
            },
            "dist": {
                "type": "zip",
                "url": "https://api.github.com/repos/composer/installers/zipball/7f3c618fcbfc787cca2bb7a127e7eb3a146c7046",
                "reference": "7f3c618fcbfc787cca2bb7a127e7eb3a146c7046",
                "shasum": ""
            },
            "require": {
                "composer-plugin-api": "^1.0 || ^2.0"
            },
            "replace": {
                "roundcube/plugin-installer": "*",
                "shama/baton": "*"
            },
            "require-dev": {
                "composer/composer": "1.6.* || ^2.0",
                "composer/semver": "^1 || ^3",
                "phpstan/phpstan": "^0.12.55",
                "phpstan/phpstan-phpunit": "^0.12.16",
                "symfony/phpunit-bridge": "^4.2 || ^5",
                "symfony/process": "^2.3"
            },
            "type": "composer-plugin",
            "extra": {
                "class": "Composer\\Installers\\Plugin",
                "branch-alias": {
                    "dev-main": "1.x-dev"
                }
            },
            "autoload": {
                "psr-4": {
                    "Composer\\Installers\\": "src/Composer/Installers"
                }
            },
            "notification-url": "https://packagist.org/downloads/",
            "license": [
                "MIT"
            ],
            "authors": [
                {
                    "name": "Kyle Robinson Young",
                    "email": "kyle@dontkry.com",
                    "homepage": "https://github.com/shama"
                }
            ],
            "description": "A multi-framework Composer library installer",
            "homepage": "https://composer.github.io/installers/",
            "keywords": [
                "Craft",
                "Dolibarr",
                "Eliasis",
                "Hurad",
                "ImageCMS",
                "Kanboard",
                "Lan Management System",
                "MODX Evo",
                "MantisBT",
                "Mautic",
                "Maya",
                "OXID",
                "Plentymarkets",
                "Porto",
                "RadPHP",
                "SMF",
                "Thelia",
                "Whmcs",
                "WolfCMS",
                "agl",
                "aimeos",
                "annotatecms",
                "attogram",
                "bitrix",
                "cakephp",
                "chef",
                "cockpit",
                "codeigniter",
                "concrete5",
                "croogo",
                "dokuwiki",
                "drupal",
                "eZ Platform",
                "elgg",
                "expressionengine",
                "fuelphp",
                "grav",
                "installer",
                "itop",
                "joomla",
                "known",
                "kohana",
                "laravel",
                "lavalite",
                "lithium",
                "magento",
                "majima",
                "mako",
                "mediawiki",
                "modulework",
                "modx",
                "moodle",
                "osclass",
                "phpbb",
                "piwik",
                "ppi",
                "puppet",
                "pxcms",
                "reindex",
                "roundcube",
                "shopware",
                "silverstripe",
                "sydes",
                "sylius",
                "symfony",
                "typo3",
                "wordpress",
                "yawik",
                "zend",
                "zikula"
            ],
            "time": "2020-12-08T15:13:21+00:00"
        },
        {
            "name": "oomphinc/composer-installers-extender",
            "version": "v1.1.2",
            "source": {
                "type": "git",
                "url": "https://github.com/oomphinc/composer-installers-extender.git",
                "reference": "ca1c4b16b0905c81d1e77e608f36a2eff1a56f56"
            },
            "dist": {
                "type": "zip",
                "url": "https://api.github.com/repos/oomphinc/composer-installers-extender/zipball/ca1c4b16b0905c81d1e77e608f36a2eff1a56f56",
                "reference": "ca1c4b16b0905c81d1e77e608f36a2eff1a56f56",
                "shasum": ""
            },
            "require": {
                "composer-plugin-api": "^1.0",
                "composer/installers": "^1.0"
            },
            "type": "composer-plugin",
            "extra": {
                "class": "OomphInc\\ComposerInstallersExtender\\Plugin"
            },
            "autoload": {
                "psr-4": {
                    "OomphInc\\ComposerInstallersExtender\\": "src/"
                }
            },
            "notification-url": "https://packagist.org/downloads/",
            "license": [
                "MIT"
            ],
            "authors": [
                {
                    "name": "Stephen Beemsterboer",
                    "email": "stephen@oomphinc.com",
                    "homepage": "https://github.com/balbuf"
                }
            ],
            "description": "Extend the composer/installers plugin to accept any arbitrary package type.",
            "homepage": "http://www.oomphinc.com/",
            "time": "2017-03-31T16:57:39+00:00"
        }
    ],
    "packages-dev": [],
    "aliases": [],
    "minimum-stability": "dev",
    "stability-flags": {
        "bower-asset/jquery-menu-aim": 20
    },
    "prefer-stable": false,
    "prefer-lowest": false,
    "platform": [],
    "platform-dev": []
}
